
Microsoft Visual Studio Solution File, Format Version 12.00
# Visual Studio Version 16
VisualStudioVersion = 16.0.30804.86
MinimumVisualStudioVersion = 10.0.40219.1
Project("{9A19103F-16F7-4668-BE54-9A1E7A4F7556}") = "LeetcodeProblems", "LeetcodeProblems\LeetcodeProblems.csproj", "{D739507F-B795-4EBA-9395-0A51DA272AA7}"
EndProject
Project("{FAE04EC0-301F-11D3-BF4B-00C04F79EFBC}") = "LeetcodeProblemsLib", "LeetcodeProblemsLib\LeetcodeProblemsLib.csproj", "{62CC93BD-56C4-41F4-8F74-EEE604DC0969}"
EndProject
Global
	GlobalSection(SolutionConfigurationPlatforms) = preSolution
		Debug|Any CPU = Debug|Any CPU
		Release|Any CPU = Release|Any CPU
	EndGlobalSection
	GlobalSection(ProjectConfigurationPlatforms) = postSolution
		{D739507F-B795-4EBA-9395-0A51DA272AA7}.Debug|Any CPU.ActiveCfg = Debug|Any CPU
		{D739507F-B795-4EBA-9395-0A51DA272AA7}.Debug|Any CPU.Build.0 = Debug|Any CPU
		{D739507F-B795-4EBA-9395-0A51DA272AA7}.Release|Any CPU.ActiveCfg = Release|Any CPU
		{D739507F-B795-4EBA-9395-0A51DA272AA7}.Release|Any CPU.Build.0 = Release|Any CPU
		{62CC93BD-56C4-41F4-8F74-EEE604DC0969}.Debug|Any CPU.ActiveCfg = Debug|Any CPU
		{62CC93BD-56C4-41F4-8F74-EEE604DC0969}.Debug|Any CPU.Build.0 = Debug|Any CPU
		{62CC93BD-56C4-41F4-8F74-EEE604DC0969}.Release|Any CPU.ActiveCfg = Release|Any CPU
		{62CC93BD-56C4-41F4-8F74-EEE604DC0969}.Release|Any CPU.Build.0 = Release|Any CPU
	EndGlobalSection
	GlobalSection(SolutionProperties) = preSolution
		HideSolutionNode = FALSE
	EndGlobalSection
	GlobalSection(ExtensibilityGlobals) = postSolution
		SolutionGuid = {F003740C-293A-4997-A782-3C23FECDF22E}
	EndGlobalSection
EndGlobal
